// !$*UTF8*$!
{
	archiveVersion = 1;
	classes = {
	};
	objectVersion = 50;
	objects = {

/* Begin PBXBuildFile section */
		79ECA6102154BC6300F494CF /* AppDelegate.swift in Sources */ = {isa = PBXBuildFile; fileRef = 79ECA60F2154BC6300F494CF /* AppDelegate.swift */; };
		79ECA6122154BC6300F494CF /* ViewController.swift in Sources */ = {isa = PBXBuildFile; fileRef = 79ECA6112154BC6300F494CF /* ViewController.swift */; };
		79ECA6152154BC6300F494CF /* Main.storyboard in Resources */ = {isa = PBXBuildFile; fileRef = 79ECA6132154BC6300F494CF /* Main.storyboard */; };
		79ECA6172154BC6600F494CF /* Assets.xcassets in Resources */ = {isa = PBXBuildFile; fileRef = 79ECA6162154BC6600F494CF /* Assets.xcassets */; };
		79ECA61A2154BC6600F494CF /* LaunchScreen.storyboard in Resources */ = {isa = PBXBuildFile; fileRef = 79ECA6182154BC6600F494CF /* LaunchScreen.storyboard */; };
		79ECA6252154BC6600F494CF /* paymentTests.swift in Sources */ = {isa = PBXBuildFile; fileRef = 79ECA6242154BC6600F494CF /* paymentTests.swift */; };
		79ECA6302154BC6600F494CF /* paymentUITests.swift in Sources */ = {isa = PBXBuildFile; fileRef = 79ECA62F2154BC6600F494CF /* paymentUITests.swift */; };
/* End PBXBuildFile section */

/* Begin PBXContainerItemProxy section */
		79ECA6212154BC6600F494CF /* PBXContainerItemProxy */ = {
			isa = PBXContainerItemProxy;
			containerPortal = 79ECA6042154BC6300F494CF /* Project object */;
			proxyType = 1;
			remoteGlobalIDString = 79ECA60B2154BC6300F494CF;
			remoteInfo = payment;
		};
		79ECA62C2154BC6600F494CF /* PBXContainerItemProxy */ = {
			isa = PBXContainerItemProxy;
			containerPortal = 79ECA6042154BC6300F494CF /* Project object */;
			proxyType = 1;
			remoteGlobalIDString = 79ECA60B2154BC6300F494CF;
			remoteInfo = payment;
		};
/* End PBXContainerItemProxy section */

/* Begin PBXFileReference section */
		79ECA60C2154BC6300F494CF /* payment.app */ = {isa = PBXFileReference; explicitFileType = wrapper.application; includeInIndex = 0; path = payment.app; sourceTree = BUILT_PRODUCTS_DIR; };
		79ECA60F2154BC6300F494CF /* AppDelegate.swift */ = {isa = PBXFileReference; lastKnownFileType = sourcecode.swift; path = AppDelegate.swift; sourceTree = "<group>"; };
		79ECA6112154BC6300F494CF /* ViewController.swift */ = {isa = PBXFileReference; lastKnownFileType = sourcecode.swift; path = ViewController.swift; sourceTree = "<group>"; };
		79ECA6142154BC6300F494CF /* Base */ = {isa = PBXFileReference; lastKnownFileType = file.storyboard; name = Base; path = Base.lproj/Main.storyboard; sourceTree = "<group>"; };
		79ECA6162154BC6600F494CF /* Assets.xcassets */ = {isa = PBXFileReference; lastKnownFileType = folder.assetcatalog; path = Assets.xcassets; sourceTree = "<group>"; };
		79ECA6192154BC6600F494CF /* Base */ = {isa = PBXFileReference; lastKnownFileType = file.storyboard; name = Base; path = Base.lproj/LaunchScreen.storyboard; sourceTree = "<group>"; };
		79ECA61B2154BC6600F494CF /* Info.plist */ = {isa = PBXFileReference; lastKnownFileType = text.plist.xml; path = Info.plist; sourceTree = "<group>"; };
		79ECA6202154BC6600F494CF /* paymentTests.xctest */ = {isa = PBXFileReference; explicitFileType = wrapper.cfbundle; includeInIndex = 0; path = paymentTests.xctest; sourceTree = BUILT_PRODUCTS_DIR; };
		79ECA6242154BC6600F494CF /* paymentTests.swift */ = {isa = PBXFileReference; lastKnownFileType = sourcecode.swift; path = paymentTests.swift; sourceTree = "<group>"; };
		79ECA6262154BC6600F494CF /* Info.plist */ = {isa = PBXFileReference; lastKnownFileType = text.plist.xml; path = Info.plist; sourceTree = "<group>"; };
		79ECA62B2154BC6600F494CF /* paymentUITests.xctest */ = {isa = PBXFileReference; explicitFileType = wrapper.cfbundle; includeInIndex = 0; path = paymentUITests.xctest; sourceTree = BUILT_PRODUCTS_DIR; };
		79ECA62F2154BC6600F494CF /* paymentUITests.swift */ = {isa = PBXFileReference; lastKnownFileType = sourcecode.swift; path = paymentUITests.swift; sourceTree = "<group>"; };
		79ECA6312154BC6600F494CF /* Info.plist */ = {isa = PBXFileReference; lastKnownFileType = text.plist.xml; path = Info.plist; sourceTree = "<group>"; };
/* End PBXFileReference section */

/* Begin PBXFrameworksBuildPhase section */
		79ECA6092154BC6300F494CF /* Frameworks */ = {
			isa = PBXFrameworksBuildPhase;
			buildActionMask = 2147483647;
			files = (
			);
			runOnlyForDeploymentPostprocessing = 0;
		};
		79ECA61D2154BC6600F494CF /* Frameworks */ = {
			isa = PBXFrameworksBuildPhase;
			buildActionMask = 2147483647;
			files = (
			);
			runOnlyForDeploymentPostprocessing = 0;
		};
		79ECA6282154BC6600F494CF /* Frameworks */ = {
			isa = PBXFrameworksBuildPhase;
			buildActionMask = 2147483647;
			files = (
			);
			runOnlyForDeploymentPostprocessing = 0;
		};
/* End PBXFrameworksBuildPhase section */

/* Begin PBXGroup section */
		79ECA6032154BC6300F494CF = {
			isa = PBXGroup;
			children = (
				79ECA60E2154BC6300F494CF /* payment */,
				79ECA6232154BC6600F494CF /* paymentTests */,
				79ECA62E2154BC6600F494CF /* paymentUITests */,
				79ECA60D2154BC6300F494CF /* Products */,
			);
			sourceTree = "<group>";
		};
		79ECA60D2154BC6300F494CF /* Products */ = {
			isa = PBXGroup;
			children = (
				79ECA60C2154BC6300F494CF /* payment.app */,
				79ECA6202154BC6600F494CF /* paymentTests.xctest */,
				79ECA62B2154BC6600F494CF /* paymentUITests.xctest */,
			);
			name = Products;
			sourceTree = "<group>";
		};
		79ECA60E2154BC6300F494CF /* payment */ = {
			isa = PBXGroup;
			children = (
				79ECA60F2154BC6300F494CF /* AppDelegate.swift */,
				79ECA6112154BC6300F494CF /* ViewController.swift */,
				79ECA6132154BC6300F494CF /* Main.storyboard */,
				79ECA6162154BC6600F494CF /* Assets.xcassets */,
				79ECA6182154BC6600F494CF /* LaunchScreen.storyboard */,
				79ECA61B2154BC6600F494CF /* Info.plist */,
			);
			path = payment;
			sourceTree = "<group>";
		};
		79ECA6232154BC6600F494CF /* paymentTests */ = {
			isa = PBXGroup;
			children = (
				79ECA6242154BC6600F494CF /* paymentTests.swift */,
				79ECA6262154BC6600F494CF /* Info.plist */,
			);
			path = paymentTests;
			sourceTree = "<group>";
		};
		79ECA62E2154BC6600F494CF /* paymentUITests */ = {
			isa = PBXGroup;
			children = (
				79ECA62F2154BC6600F494CF /* paymentUITests.swift */,
				79ECA6312154BC6600F494CF /* Info.plist */,
			);
			path = paymentUITests;
			sourceTree = "<group>";
		};
/* End PBXGroup section */

/* Begin PBXNativeTarget section */
		79ECA60B2154BC6300F494CF /* payment */ = {
			isa = PBXNativeTarget;
			buildConfigurationList = 79ECA6342154BC6600F494CF /* Build configuration list for PBXNativeTarget "payment" */;
			buildPhases = (
				79ECA6082154BC6300F494CF /* Sources */,
				79ECA6092154BC6300F494CF /* Frameworks */,
				79ECA60A2154BC6300F494CF /* Resources */,
			);
			buildRules = (
			);
			dependencies = (
			);
			name = payment;
			productName = payment;
			productReference = 79ECA60C2154BC6300F494CF /* payment.app */;
			productType = "com.apple.product-type.application";
		};
		79ECA61F2154BC6600F494CF /* paymentTests */ = {
			isa = PBXNativeTarget;
			buildConfigurationList = 79ECA6372154BC6600F494CF /* Build configuration list for PBXNativeTarget "paymentTests" */;
			buildPhases = (
				79ECA61C2154BC6600F494CF /* Sources */,
				79ECA61D2154BC6600F494CF /* Frameworks */,
				79ECA61E2154BC6600F494CF /* Resources */,
			);
			buildRules = (
			);
			dependencies = (
				79ECA6222154BC6600F494CF /* PBXTargetDependency */,
			);
			name = paymentTests;
			productName = paymentTests;
			productReference = 79ECA6202154BC6600F494CF /* paymentTests.xctest */;
			productType = "com.apple.product-type.bundle.unit-test";
		};
		79ECA62A2154BC6600F494CF /* paymentUITests */ = {
			isa = PBXNativeTarget;
			buildConfigurationList = 79ECA63A2154BC6600F494CF /* Build configuration list for PBXNativeTarget "paymentUITests" */;
			buildPhases = (
				79ECA6272154BC6600F494CF /* Sources */,
				79ECA6282154BC6600F494CF /* Frameworks */,
				79ECA6292154BC6600F494CF /* Resources */,
			);
			buildRules = (
			);
			dependencies = (
				79ECA62D2154BC6600F494CF /* PBXTargetDependency */,
			);
			name = paymentUITests;
			productName = paymentUITests;
			productReference = 79ECA62B2154BC6600F494CF /* paymentUITests.xctest */;
			productType = "com.apple.product-type.bundle.ui-testing";
		};
/* End PBXNativeTarget section */

/* Begin PBXProject section */
		79ECA6042154BC6300F494CF /* Project object */ = {
			isa = PBXProject;
			attributes = {
				LastSwiftUpdateCheck = 0940;
				LastUpgradeCheck = 0940;
				ORGANIZATIONNAME = "Hadron Megantara";
				TargetAttributes = {
					79ECA60B2154BC6300F494CF = {
						CreatedOnToolsVersion = 9.4.1;
					};
					79ECA61F2154BC6600F494CF = {
						CreatedOnToolsVersion = 9.4.1;
						TestTargetID = 79ECA60B2154BC6300F494CF;
					};
					79ECA62A2154BC6600F494CF = {
						CreatedOnToolsVersion = 9.4.1;
						TestTargetID = 79ECA60B2154BC6300F494CF;
					};
				};
			};
			buildConfigurationList = 79ECA6072154BC6300F494CF /* Build configuration list for PBXProject "payment" */;
			compatibilityVersion = "Xcode 9.3";
			developmentRegion = en;
			hasScannedForEncodings = 0;
			knownRegions = (
				en,
				Base,
			);
			mainGroup = 79ECA6032154BC6300F494CF;
			productRefGroup = 79ECA60D2154BC6300F494CF /* Products */;
			projectDirPath = "";
			projectRoot = "";
			targets = (
				79ECA60B2154BC6300F494CF /* payment */,
				79ECA61F2154BC6600F494CF /* paymentTests */,
				79ECA62A2154BC6600F494CF /* paymentUITests */,
			);
		};
/* End PBXProject section */

/* Begin PBXResourcesBuildPhase section */
		79ECA60A2154BC6300F494CF /* Resources */ = {
			isa = PBXResourcesBuildPhase;
			buildActionMask = 2147483647;
			files = (
				79ECA61A2154BC6600F494CF /* LaunchScreen.storyboard in Resources */,
				79ECA6172154BC6600F494CF /* Assets.xcassets in Resources */,
				79ECA6152154BC6300F494CF /* Main.storyboard in Resources */,
			);
			runOnlyForDeploymentPostprocessing = 0;
		};
		79ECA61E2154BC6600F494CF /* Resources */ = {
			isa = PBXResourcesBuildPhase;
			buildActionMask = 2147483647;
			files = (
			);
			runOnlyForDeploymentPostprocessing = 0;
		};
		79ECA6292154BC6600F494CF /* Resources */ = {
			isa = PBXResourcesBuildPhase;
			buildActionMask = 2147483647;
			files = (
			);
			runOnlyForDeploymentPostprocessing = 0;
		};
/* End PBXResourcesBuildPhase section */

/* Begin PBXSourcesBuildPhase section */
		79ECA6082154BC6300F494CF /* Sources */ = {
			isa = PBXSourcesBuildPhase;
			buildActionMask = 2147483647;
			files = (
				79ECA6122154BC6300F494CF /* ViewController.swift in Sources */,
				79ECA6102154BC6300F494CF /* AppDelegate.swift in Sources */,
			);
			runOnlyForDeploymentPostprocessing = 0;
		};
		79ECA61C2154BC6600F494CF /* Sources */ = {
			isa = PBXSourcesBuildPhase;
			buildActionMask = 2147483647;
			files = (
				79ECA6252154BC6600F494CF /* paymentTests.swift in Sources */,
			);
			runOnlyForDeploymentPostprocessing = 0;
		};
		79ECA6272154BC6600F494CF /* Sources */ = {
			isa = PBXSourcesBuildPhase;
			buildActionMask = 2147483647;
			files = (
				79ECA6302154BC6600F494CF /* paymentUITests.swift in Sources */,
			);
			runOnlyForDeploymentPostprocessing = 0;
		};
/* End PBXSourcesBuildPhase section */

/* Begin PBXTargetDependency section */
		79ECA6222154BC6600F494CF /* PBXTargetDependency */ = {
			isa = PBXTargetDependency;
			target = 79ECA60B2154BC6300F494CF /* payment */;
			targetProxy = 79ECA6212154BC6600F494CF /* PBXContainerItemProxy */;
		};
		79ECA62D2154BC6600F494CF /* PBXTargetDependency */ = {
			isa = PBXTargetDependency;
			target = 79ECA60B2154BC6300F494CF /* payment */;
			targetProxy = 79ECA62C2154BC6600F494CF /* PBXContainerItemProxy */;
		};
/* End PBXTargetDependency section */

/* Begin PBXVariantGroup section */
		79ECA6132154BC6300F494CF /* Main.storyboard */ = {
			isa = PBXVariantGroup;
			children = (
				79ECA6142154BC6300F494CF /* Base */,
			);
			name = Main.storyboard;
			sourceTree = "<group>";
		};
		79ECA6182154BC6600F494CF /* LaunchScreen.storyboard */ = {
			isa = PBXVariantGroup;
			children = (
				79ECA6192154BC6600F494CF /* Base */,
			);
			name = LaunchScreen.storyboard;
			sourceTree = "<group>";
		};
/* End PBXVariantGroup section */

/* Begin XCBuildConfiguration section */
		79ECA6322154BC6600F494CF /* Debug */ = {
			isa = XCBuildConfiguration;
			buildSettings = {
				ALWAYS_SEARCH_USER_PATHS = NO;
				CLANG_ANALYZER_NONNULL = YES;
				CLANG_ANALYZER_NUMBER_OBJECT_CONVERSION = YES_AGGRESSIVE;
				CLANG_CXX_LANGUAGE_STANDARD = "gnu++14";
				CLANG_CXX_LIBRARY = "libc++";
				CLANG_ENABLE_MODULES = YES;
				CLANG_ENABLE_OBJC_ARC = YES;
				CLANG_ENABLE_OBJC_WEAK = YES;
				CLANG_WARN_BLOCK_CAPTURE_AUTORELEASING = YES;
				CLANG_WARN_BOOL_CONVERSION = YES;
				CLANG_WARN_COMMA = YES;
				CLANG_WARN_CONSTANT_CONVERSION = YES;
				CLANG_WARN_DEPRECATED_OBJC_IMPLEMENTATIONS = YES;
				CLANG_WARN_DIRECT_OBJC_ISA_USAGE = YES_ERROR;
				CLANG_WARN_DOCUMENTATION_COMMENTS = YES;
				CLANG_WARN_EMPTY_BODY = YES;
				CLANG_WARN_ENUM_CONVERSION = YES;
				CLANG_WARN_INFINITE_RECURSION = YES;
				CLANG_WARN_INT_CONVERSION = YES;
				CLANG_WARN_NON_LITERAL_NULL_CONVERSION = YES;
				CLANG_WARN_OBJC_IMPLICIT_RETAIN_SELF = YES;
				CLANG_WARN_OBJC_LITERAL_CONVERSION = YES;
				CLANG_WARN_OBJC_ROOT_CLASS = YES_ERROR;
				CLANG_WARN_RANGE_LOOP_ANALYSIS = YES;
				CLANG_WARN_STRICT_PROTOTYPES = YES;
				CLANG_WARN_SUSPICIOUS_MOVE = YES;
				CLANG_WARN_UNGUARDED_AVAILABILITY = YES_AGGRESSIVE;
				CLANG_WARN_UNREACHABLE_CODE = YES;
				CLANG_WARN__DUPLICATE_METHOD_MATCH = YES;
				CODE_SIGN_IDENTITY = "iPhone Developer";
				COPY_PHASE_STRIP = NO;
				DEBUG_INFORMATION_FORMAT = dwarf;
				ENABLE_STRICT_OBJC_MSGSEND = YES;
				ENABLE_TESTABILITY = YES;
				GCC_C_LANGUAGE_STANDARD = gnu11;
				GCC_DYNAMIC_NO_PIC = NO;
				GCC_NO_COMMON_BLOCKS = YES;
				GCC_OPTIMIZATION_LEVEL = 0;
				GCC_PREPROCESSOR_DEFINITIONS = (
					"DEBUG=1",
					"$(inherited)",
				);
				GCC_WARN_64_TO_32_BIT_CONVERSION = YES;
				GCC_WARN_ABOUT_RETURN_TYPE = YES_ERROR;
				GCC_WARN_UNDECLARED_SELECTOR = YES;
				GCC_WARN_UNINITIALIZED_AUTOS = YES_AGGRESSIVE;
				GCC_WARN_UNUSED_FUNCTION = YES;
				GCC_WARN_UNUSED_VARIABLE = YES;
				IPHONEOS_DEPLOYMENT_TARGET = 11.4;
				MTL_ENABLE_DEBUG_INFO = YES;
				ONLY_ACTIVE_ARCH = YES;
				SDKROOT = iphoneos;
				SWIFT_ACTIVE_COMPILATION_CONDITIONS = DEBUG;
				SWIFT_OPTIMIZATION_LEVEL = "-Onone";
			};
			name = Debug;
		};
		79ECA6332154BC6600F494CF /* Release */ = {
			isa = XCBuildConfiguration;
			buildSettings = {
				ALWAYS_SEARCH_USER_PATHS = NO;
				CLANG_ANALYZER_NONNULL = YES;
				CLANG_ANALYZER_NUMBER_OBJECT_CONVERSION = YES_AGGRESSIVE;
				CLANG_CXX_LANGUAGE_STANDARD = "gnu++14";
				CLANG_CXX_LIBRARY = "libc++";
				CLANG_ENABLE_MODULES = YES;
				CLANG_ENABLE_OBJC_ARC = YES;
				CLANG_ENABLE_OBJC_WEAK = YES;
				CLANG_WARN_BLOCK_CAPTURE_AUTORELEASING = YES;
				CLANG_WARN_BOOL_CONVERSION = YES;
				CLANG_WARN_COMMA = YES;
				CLANG_WARN_CONSTANT_CONVERSION = YES;
				CLANG_WARN_DEPRECATED_OBJC_IMPLEMENTATIONS = YES;
				CLANG_WARN_DIRECT_OBJC_ISA_USAGE = YES_ERROR;
				CLANG_WARN_DOCUMENTATION_COMMENTS = YES;
				CLANG_WARN_EMPTY_BODY = YES;
				CLANG_WARN_ENUM_CONVERSION = YES;
				CLANG_WARN_INFINITE_RECURSION = YES;
				CLANG_WARN_INT_CONVERSION = YES;
				CLANG_WARN_NON_LITERAL_NULL_CONVERSION = YES;
				CLANG_WARN_OBJC_IMPLICIT_RETAIN_SELF = YES;
				CLANG_WARN_OBJC_LITERAL_CONVERSION = YES;
				CLANG_WARN_OBJC_ROOT_CLASS = YES_ERROR;
				CLANG_WARN_RANGE_LOOP_ANALYSIS = YES;
				CLANG_WARN_STRICT_PROTOTYPES = YES;
				CLANG_WARN_SUSPICIOUS_MOVE = YES;
				CLANG_WARN_UNGUARDED_AVAILABILITY = YES_AGGRESSIVE;
				CLANG_WARN_UNREACHABLE_CODE = YES;
				CLANG_WARN__DUPLICATE_METHOD_MATCH = YES;
				CODE_SIGN_IDENTITY = "iPhone Developer";
				COPY_PHASE_STRIP = NO;
				DEBUG_INFORMATION_FORMAT = "dwarf-with-dsym";
				ENABLE_NS_ASSERTIONS = NO;
				ENABLE_STRICT_OBJC_MSGSEND = YES;
				GCC_C_LANGUAGE_STANDARD = gnu11;
				GCC_NO_COMMON_BLOCKS = YES;
				GCC_WARN_64_TO_32_BIT_CONVERSION = YES;
				GCC_WARN_ABOUT_RETURN_TYPE = YES_ERROR;
				GCC_WARN_UNDECLARED_SELECTOR = YES;
				GCC_WARN_UNINITIALIZED_AUTOS = YES_AGGRESSIVE;
				GCC_WARN_UNUSED_FUNCTION = YES;
				GCC_WARN_UNUSED_VARIABLE = YES;
				IPHONEOS_DEPLOYMENT_TARGET = 11.4;
				MTL_ENABLE_DEBUG_INFO = NO;
				SDKROOT = iphoneos;
				SWIFT_COMPILATION_MODE = wholemodule;
				SWIFT_OPTIMIZATION_LEVEL = "-O";
				VALIDATE_PRODUCT = YES;
			};
			name = Release;
		};
		79ECA6352154BC6600F494CF /* Debug */ = {
			isa = XCBuildConfiguration;
			buildSettings = {
				ASSETCATALOG_COMPILER_APPICON_NAME = AppIcon;
				CODE_SIGN_STYLE = Automatic;
				DEVELOPMENT_TEAM = 99JTWX5P26;
				INFOPLIST_FILE = payment/Info.plist;
				LD_RUNPATH_SEARCH_PATHS = (
					"$(inherited)",
					"@executable_path/Frameworks",
				);
				PRODUCT_BUNDLE_IDENTIFIER = test.payment;
				PRODUCT_NAME = "$(TARGET_NAME)";
				SWIFT_VERSION = 4.0;
				TARGETED_DEVICE_FAMILY = "1,2";
			};
			name = Debug;
		};
		79ECA6362154BC6600F494CF /* Release */ = {
			isa = XCBuildConfiguration;
			buildSettings = {
				ASSETCATALOG_COMPILER_APPICON_NAME = AppIcon;
				CODE_SIGN_STYLE = Automatic;
				DEVELOPMENT_TEAM = 99JTWX5P26;
				INFOPLIST_FILE = payment/Info.plist;
				LD_RUNPATH_SEARCH_PATHS = (
					"$(inherited)",
					"@executable_path/Frameworks",
				);
				PRODUCT_BUNDLE_IDENTIFIER = test.payment;
				PRODUCT_NAME = "$(TARGET_NAME)";
				SWIFT_VERSION = 4.0;
				TARGETED_DEVICE_FAMILY = "1,2";
			};
			name = Release;
		};
		79ECA6382154BC6600F494CF /* Debug */ = {
			isa = XCBuildConfiguration;
			buildSettings = {
				ALWAYS_EMBED_SWIFT_STANDARD_LIBRARIES = YES;
				BUNDLE_LOADER = "$(TEST_HOST)";
				CODE_SIGN_STYLE = Automatic;
				DEVELOPMENT_TEAM = 99JTWX5P26;
				INFOPLIST_FILE = paymentTests/Info.plist;
				LD_RUNPATH_SEARCH_PATHS = (
					"$(inherited)",
					"@executable_path/Frameworks",
					"@loader_path/Frameworks",
				);
				PRODUCT_BUNDLE_IDENTIFIER = test.paymentTests;
				PRODUCT_NAME = "$(TARGET_NAME)";
				SWIFT_VERSION = 4.0;
				TARGETED_DEVICE_FAMILY = "1,2";
				TEST_HOST = "$(BUILT_PRODUCTS_DIR)/payment.app/payment";
			};
			name = Debug;
		};
		79ECA6392154BC6600F494CF /* Release */ = {
			isa = XCBuildConfiguration;
			buildSettings = {
				ALWAYS_EMBED_SWIFT_STANDARD_LIBRARIES = YES;
				BUNDLE_LOADER = "$(TEST_HOST)";
				CODE_SIGN_STYLE = Automatic;
				DEVELOPMENT_TEAM = 99JTWX5P26;
				INFOPLIST_FILE = paymentTests/Info.plist;
				LD_RUNPATH_SEARCH_PATHS = (
					"$(inherited)",
					"@executable_path/Frameworks",
					"@loader_path/Frameworks",
				);
				PRODUCT_BUNDLE_IDENTIFIER = test.paymentTests;
				PRODUCT_NAME = "$(TARGET_NAME)";
				SWIFT_VERSION = 4.0;
				TARGETED_DEVICE_FAMILY = "1,2";
				TEST_HOST = "$(BUILT_PRODUCTS_DIR)/payment.app/payment";
			};
			name = Release;
		};
		79ECA63B2154BC6600F494CF /* Debug */ = {
			isa = XCBuildConfiguration;
			buildSettings = {
				ALWAYS_EMBED_SWIFT_STANDARD_LIBRARIES = YES;
				CODE_SIGN_STYLE = Automatic;
				DEVELOPMENT_TEAM = 99JTWX5P26;
				INFOPLIST_FILE = paymentUITests/Info.plist;
				LD_RUNPATH_SEARCH_PATHS = (
					"$(inherited)",
					"@executable_path/Frameworks",
					"@loader_path/Frameworks",
				);
				PRODUCT_BUNDLE_IDENTIFIER = test.paymentUITests;
				PRODUCT_NAME = "$(TARGET_NAME)";
				SWIFT_VERSION = 4.0;
				TARGETED_DEVICE_FAMILY = "1,2";
				TEST_TARGET_NAME = payment;
			};
			name = Debug;
		};
		79ECA63C2154BC6600F494CF /* Release */ = {
			isa = XCBuildConfiguration;
			buildSettings = {
				ALWAYS_EMBED_SWIFT_STANDARD_LIBRARIES = YES;
				CODE_SIGN_STYLE = Automatic;
				DEVELOPMENT_TEAM = 99JTWX5P26;
				INFOPLIST_FILE = paymentUITests/Info.plist;
				LD_RUNPATH_SEARCH_PATHS = (
					"$(inherited)",
					"@executable_path/Frameworks",
					"@loader_path/Frameworks",
				);
				PRODUCT_BUNDLE_IDENTIFIER = test.paymentUITests;
				PRODUCT_NAME = "$(TARGET_NAME)";
				SWIFT_VERSION = 4.0;
				TARGETED_DEVICE_FAMILY = "1,2";
				TEST_TARGET_NAME = payment;
			};
			name = Release;
		};
/* End XCBuildConfiguration section */

/* Begin XCConfigurationList section */
		79ECA6072154BC6300F494CF /* Build configuration list for PBXProject "payment" */ = {
			isa = XCConfigurationList;
			buildConfigurations = (
				79ECA6322154BC6600F494CF /* Debug */,
				79ECA6332154BC6600F494CF /* Release */,
			);
			defaultConfigurationIsVisible = 0;
			defaultConfigurationName = Release;
		};
		79ECA6342154BC6600F494CF /* Build configuration list for PBXNativeTarget "payment" */ = {
			isa = XCConfigurationList;
			buildConfigurations = (
				79ECA6352154BC6600F494CF /* Debug */,
				79ECA6362154BC6600F494CF /* Release */,
			);
			defaultConfigurationIsVisible = 0;
			defaultConfigurationName = Release;
		};
		79ECA6372154BC6600F494CF /* Build configuration list for PBXNativeTarget "paymentTests" */ = {
			isa = XCConfigurationList;
			buildConfigurations = (
				79ECA6382154BC6600F494CF /* Debug */,
				79ECA6392154BC6600F494CF /* Release */,
			);
			defaultConfigurationIsVisible = 0;
			defaultConfigurationName = Release;
		};
		79ECA63A2154BC6600F494CF /* Build configuration list for PBXNativeTarget "paymentUITests" */ = {
			isa = XCConfigurationList;
			buildConfigurations = (
				79ECA63B2154BC6600F494CF /* Debug */,
				79ECA63C2154BC6600F494CF /* Release */,
			);
			defaultConfigurationIsVisible = 0;
			defaultConfigurationName = Release;
		};
/* End XCConfigurationList section */
	};
	rootObject = 79ECA6042154BC6300F494CF /* Project object */;
}
